
Microsoft Visual Studio Solution File, Format Version 12.00
# Visual Studio Version 17
VisualStudioVersion = 17.3.32825.248
MinimumVisualStudioVersion = 10.0.40219.1
Project("{9A19103F-16F7-4668-BE54-9A1E7A4F7556}") = "MainProject", "DataTypes\MainProject.csproj", "{B61B6125-3551-4569-9543-FD178B995375}"
EndProject
Project("{9A19103F-16F7-4668-BE54-9A1E7A4F7556}") = "Advance", "Advance1\Advance.csproj", "{CB2C6D61-17F4-43CA-B6FF-4C1114DAA956}"
EndProject
Project("{9A19103F-16F7-4668-BE54-9A1E7A4F7556}") = "Basics", "Basics\Basics.csproj", "{5CCD4C5F-10FF-4C95-A959-CC4E84D59740}"
EndProject
Project("{9A19103F-16F7-4668-BE54-9A1E7A4F7556}") = "OOPS", "OOPS\OOPS.csproj", "{B09F207D-6A53-44A5-A73D-3DD7B599665B}"
EndProject
Project("{9A19103F-16F7-4668-BE54-9A1E7A4F7556}") = "Asynchronous", "Asynchronous\Asynchronous.csproj", "{EB8DE167-4CDC-4AC8-8EB7-D8395AC7BFB1}"
EndProject
Project("{FAE04EC0-301F-11D3-BF4B-00C04F79EFBC}") = "Models", "Models\Models.csproj", "{921E633A-F47D-4CA3-B7F4-54B60DC7FCA1}"
EndProject
Global
	GlobalSection(SolutionConfigurationPlatforms) = preSolution
		Debug|Any CPU = Debug|Any CPU
		Release|Any CPU = Release|Any CPU
	EndGlobalSection
	GlobalSection(ProjectConfigurationPlatforms) = postSolution
		{B61B6125-3551-4569-9543-FD178B995375}.Debug|Any CPU.ActiveCfg = Debug|Any CPU
		{B61B6125-3551-4569-9543-FD178B995375}.Debug|Any CPU.Build.0 = Debug|Any CPU
		{B61B6125-3551-4569-9543-FD178B995375}.Release|Any CPU.ActiveCfg = Release|Any CPU
		{B61B6125-3551-4569-9543-FD178B995375}.Release|Any CPU.Build.0 = Release|Any CPU
		{CB2C6D61-17F4-43CA-B6FF-4C1114DAA956}.Debug|Any CPU.ActiveCfg = Debug|Any CPU
		{CB2C6D61-17F4-43CA-B6FF-4C1114DAA956}.Debug|Any CPU.Build.0 = Debug|Any CPU
		{CB2C6D61-17F4-43CA-B6FF-4C1114DAA956}.Release|Any CPU.ActiveCfg = Release|Any CPU
		{CB2C6D61-17F4-43CA-B6FF-4C1114DAA956}.Release|Any CPU.Build.0 = Release|Any CPU
		{5CCD4C5F-10FF-4C95-A959-CC4E84D59740}.Debug|Any CPU.ActiveCfg = Debug|Any CPU
		{5CCD4C5F-10FF-4C95-A959-CC4E84D59740}.Debug|Any CPU.Build.0 = Debug|Any CPU
		{5CCD4C5F-10FF-4C95-A959-CC4E84D59740}.Release|Any CPU.ActiveCfg = Release|Any CPU
		{5CCD4C5F-10FF-4C95-A959-CC4E84D59740}.Release|Any CPU.Build.0 = Release|Any CPU
		{B09F207D-6A53-44A5-A73D-3DD7B599665B}.Debug|Any CPU.ActiveCfg = Debug|Any CPU
		{B09F207D-6A53-44A5-A73D-3DD7B599665B}.Debug|Any CPU.Build.0 = Debug|Any CPU
		{B09F207D-6A53-44A5-A73D-3DD7B599665B}.Release|Any CPU.ActiveCfg = Release|Any CPU
		{B09F207D-6A53-44A5-A73D-3DD7B599665B}.Release|Any CPU.Build.0 = Release|Any CPU
		{EB8DE167-4CDC-4AC8-8EB7-D8395AC7BFB1}.Debug|Any CPU.ActiveCfg = Debug|Any CPU
		{EB8DE167-4CDC-4AC8-8EB7-D8395AC7BFB1}.Debug|Any CPU.Build.0 = Debug|Any CPU
		{EB8DE167-4CDC-4AC8-8EB7-D8395AC7BFB1}.Release|Any CPU.ActiveCfg = Release|Any CPU
		{EB8DE167-4CDC-4AC8-8EB7-D8395AC7BFB1}.Release|Any CPU.Build.0 = Release|Any CPU
		{921E633A-F47D-4CA3-B7F4-54B60DC7FCA1}.Debug|Any CPU.ActiveCfg = Debug|Any CPU
		{921E633A-F47D-4CA3-B7F4-54B60DC7FCA1}.Debug|Any CPU.Build.0 = Debug|Any CPU
		{921E633A-F47D-4CA3-B7F4-54B60DC7FCA1}.Release|Any CPU.ActiveCfg = Release|Any CPU
		{921E633A-F47D-4CA3-B7F4-54B60DC7FCA1}.Release|Any CPU.Build.0 = Release|Any CPU
	EndGlobalSection
	GlobalSection(SolutionProperties) = preSolution
		HideSolutionNode = FALSE
	EndGlobalSection
	GlobalSection(ExtensibilityGlobals) = postSolution
		SolutionGuid = {3B6D34DE-7356-4C0A-9369-302739610DD2}
	EndGlobalSection
EndGlobal
